// !$*UTF8*$!
{
	archiveVersion = 1;
	classes = {
	};
	objectVersion = 56;
	objects = {

/* Begin PBXBuildFile section */
		2E69F3A42CC6203600625669 /* class_activity_22.cpp in Sources */ = {isa = PBXBuildFile; fileRef = 2E69F3A32CC6203600625669 /* class_activity_22.cpp */; };
/* End PBXBuildFile section */

/* Begin PBXCopyFilesBuildPhase section */
		2E69F3072CB8649300625669 /* CopyFiles */ = {
			isa = PBXCopyFilesBuildPhase;
			buildActionMask = 2147483647;
			dstPath = /usr/share/man/man1/;
			dstSubfolderSpec = 0;
			files = (
			);
			runOnlyForDeploymentPostprocessing = 1;
		};
/* End PBXCopyFilesBuildPhase section */

/* Begin PBXFileReference section */
		2E69F3092CB8649300625669 /* CIS25 */ = {isa = PBXFileReference; explicitFileType = "compiled.mach-o.executable"; includeInIndex = 0; path = CIS25; sourceTree = BUILT_PRODUCTS_DIR; };
		2E69F3142CB866B300625669 /* lecture_sept_8.cpp */ = {isa = PBXFileReference; lastKnownFileType = sourcecode.cpp.cpp; path = lecture_sept_8.cpp; sourceTree = "<group>"; };
		2E69F3162CB866FC00625669 /* lecture_oct_2.cpp */ = {isa = PBXFileReference; lastKnownFileType = sourcecode.cpp.cpp; path = lecture_oct_2.cpp; sourceTree = "<group>"; };
		2E69F3182CB8672200625669 /* lecture_oct_7.cpp */ = {isa = PBXFileReference; lastKnownFileType = sourcecode.cpp.cpp; path = lecture_oct_7.cpp; sourceTree = "<group>"; };
		2E69F31A2CB8675E00625669 /* lecture_sept_11.cpp */ = {isa = PBXFileReference; lastKnownFileType = sourcecode.cpp.cpp; path = lecture_sept_11.cpp; sourceTree = "<group>"; };
		2E69F31C2CB867BA00625669 /* lecture_sept_15.cpp */ = {isa = PBXFileReference; lastKnownFileType = sourcecode.cpp.cpp; path = lecture_sept_15.cpp; sourceTree = "<group>"; };
		2E69F31E2CB867DE00625669 /* lecture_sept_16.cpp */ = {isa = PBXFileReference; lastKnownFileType = sourcecode.cpp.cpp; path = lecture_sept_16.cpp; sourceTree = "<group>"; };
		2E69F3202CB867F500625669 /* lecture_sept_18.cpp */ = {isa = PBXFileReference; lastKnownFileType = sourcecode.cpp.cpp; path = lecture_sept_18.cpp; sourceTree = "<group>"; };
		2E69F3222CB8680C00625669 /* lecture_sept_23.cpp */ = {isa = PBXFileReference; lastKnownFileType = sourcecode.cpp.cpp; path = lecture_sept_23.cpp; sourceTree = "<group>"; };
		2E69F3242CB8682600625669 /* lecture_sept_25.cpp */ = {isa = PBXFileReference; lastKnownFileType = sourcecode.cpp.cpp; path = lecture_sept_25.cpp; sourceTree = "<group>"; };
		2E69F3282CB86A1200625669 /* class_activity_1.cpp */ = {isa = PBXFileReference; lastKnownFileType = sourcecode.cpp.cpp; path = class_activity_1.cpp; sourceTree = "<group>"; };
		2E69F32B2CB86A2E00625669 /* class_activity_2.cpp */ = {isa = PBXFileReference; lastKnownFileType = sourcecode.cpp.cpp; path = class_activity_2.cpp; sourceTree = "<group>"; };
		2E69F32D2CB86A6F00625669 /* class_activity_3.cpp */ = {isa = PBXFileReference; lastKnownFileType = sourcecode.cpp.cpp; path = class_activity_3.cpp; sourceTree = "<group>"; };
		2E69F32F2CB86A7900625669 /* class_activity_4.cpp */ = {isa = PBXFileReference; lastKnownFileType = sourcecode.cpp.cpp; path = class_activity_4.cpp; sourceTree = "<group>"; };
		2E69F3312CB86A8200625669 /* class_activity_5.cpp */ = {isa = PBXFileReference; lastKnownFileType = sourcecode.cpp.cpp; path = class_activity_5.cpp; sourceTree = "<group>"; };
		2E69F3332CB86ACE00625669 /* class_activity_6.cpp */ = {isa = PBXFileReference; lastKnownFileType = sourcecode.cpp.cpp; path = class_activity_6.cpp; sourceTree = "<group>"; };
		2E69F3362CB86AE600625669 /* class_activity_7.cpp */ = {isa = PBXFileReference; lastKnownFileType = sourcecode.cpp.cpp; path = class_activity_7.cpp; sourceTree = "<group>"; };
		2E69F3382CB86AF000625669 /* class_activity_8.cpp */ = {isa = PBXFileReference; lastKnownFileType = sourcecode.cpp.cpp; path = class_activity_8.cpp; sourceTree = "<group>"; };
		2E69F33A2CB86AF700625669 /* class_activity_9.cpp */ = {isa = PBXFileReference; lastKnownFileType = sourcecode.cpp.cpp; path = class_activity_9.cpp; sourceTree = "<group>"; };
		2E69F33D2CB86B0800625669 /* class_activity_10.cpp */ = {isa = PBXFileReference; lastKnownFileType = sourcecode.cpp.cpp; path = class_activity_10.cpp; sourceTree = "<group>"; };
		2E69F3402CB86B1700625669 /* class_activity_11.cpp */ = {isa = PBXFileReference; lastKnownFileType = sourcecode.cpp.cpp; path = class_activity_11.cpp; sourceTree = "<group>"; };
		2E69F3422CB86B1E00625669 /* class_activity_12.cpp */ = {isa = PBXFileReference; lastKnownFileType = sourcecode.cpp.cpp; path = class_activity_12.cpp; sourceTree = "<group>"; };
		2E69F3442CB86BBB00625669 /* class_activity_13.cpp */ = {isa = PBXFileReference; lastKnownFileType = sourcecode.cpp.cpp; path = class_activity_13.cpp; sourceTree = "<group>"; };
		2E69F3462CB86BC500625669 /* class_activity_14.cpp */ = {isa = PBXFileReference; lastKnownFileType = sourcecode.cpp.cpp; path = class_activity_14.cpp; sourceTree = "<group>"; };
		2E69F3482CB86BCE00625669 /* class_activity_15.cpp */ = {isa = PBXFileReference; lastKnownFileType = sourcecode.cpp.cpp; path = class_activity_15.cpp; sourceTree = "<group>"; };
		2E69F34B2CB86C6800625669 /* theater.cpp */ = {isa = PBXFileReference; lastKnownFileType = sourcecode.cpp.cpp; path = theater.cpp; sourceTree = "<group>"; };
		2E69F34E2CB86CA800625669 /* main.cpp */ = {isa = PBXFileReference; lastKnownFileType = sourcecode.cpp.cpp; path = main.cpp; sourceTree = "<group>"; };
		2E69F3502CB86CCA00625669 /* average_functions.cpp */ = {isa = PBXFileReference; lastKnownFileType = sourcecode.cpp.cpp; path = average_functions.cpp; sourceTree = "<group>"; };
		2E69F3522CB86CD900625669 /* compare_functions.cpp */ = {isa = PBXFileReference; lastKnownFileType = sourcecode.cpp.cpp; path = compare_functions.cpp; sourceTree = "<group>"; };
		2E69F3542CB86CF000625669 /* highest_lowest_functions.cpp */ = {isa = PBXFileReference; lastKnownFileType = sourcecode.cpp.cpp; path = highest_lowest_functions.cpp; sourceTree = "<group>"; };
		2E69F3562CB86D0200625669 /* print_functions.cpp */ = {isa = PBXFileReference; lastKnownFileType = sourcecode.cpp.cpp; path = print_functions.cpp; sourceTree = "<group>"; };
		2E69F3582CB86D1D00625669 /* sort_functions.cpp */ = {isa = PBXFileReference; lastKnownFileType = sourcecode.cpp.cpp; path = sort_functions.cpp; sourceTree = "<group>"; };
		2E69F3602CB86DA200625669 /* grades_analysis.hpp */ = {isa = PBXFileReference; lastKnownFileType = sourcecode.cpp.h; path = grades_analysis.hpp; sourceTree = "<group>"; };
		2E69F36A2CB8713900625669 /* hw_1.cpp */ = {isa = PBXFileReference; lastKnownFileType = sourcecode.cpp.cpp; path = hw_1.cpp; sourceTree = "<group>"; };
		2E69F36D2CB8725A00625669 /* main.cpp */ = {isa = PBXFileReference; lastKnownFileType = sourcecode.cpp.cpp; path = main.cpp; sourceTree = "<group>"; };
		2E69F36F2CB8726700625669 /* search_functions.cpp */ = {isa = PBXFileReference; lastKnownFileType = sourcecode.cpp.cpp; path = search_functions.cpp; sourceTree = "<group>"; };
		2E69F3702CB8726700625669 /* search_functions.hpp */ = {isa = PBXFileReference; lastKnownFileType = sourcecode.cpp.h; path = search_functions.hpp; sourceTree = "<group>"; };
		2E69F3732CB8739500625669 /* main.cpp */ = {isa = PBXFileReference; lastKnownFileType = sourcecode.cpp.cpp; path = main.cpp; sourceTree = "<group>"; };
		2E69F3762CB875FD00625669 /* swap_functions.cpp */ = {isa = PBXFileReference; lastKnownFileType = sourcecode.cpp.cpp; path = swap_functions.cpp; sourceTree = "<group>"; };
		2E69F3782CB8761D00625669 /* sort_functions.cpp */ = {isa = PBXFileReference; lastKnownFileType = sourcecode.cpp.cpp; path = sort_functions.cpp; sourceTree = "<group>"; };
		2E69F37B2CB8765200625669 /* swap_numbers.hpp */ = {isa = PBXFileReference; lastKnownFileType = sourcecode.cpp.h; path = swap_numbers.hpp; sourceTree = "<group>"; };
		2E69F37E2CB8785300625669 /* main.cpp */ = {isa = PBXFileReference; lastKnownFileType = sourcecode.cpp.cpp; path = main.cpp; sourceTree = "<group>"; };
		2E69F3812CB879B900625669 /* swap_functions.cpp */ = {isa = PBXFileReference; lastKnownFileType = sourcecode.cpp.cpp; path = swap_functions.cpp; sourceTree = "<group>"; };
		2E69F3822CB879B900625669 /* swap_functions.hpp */ = {isa = PBXFileReference; lastKnownFileType = sourcecode.cpp.h; path = swap_functions.hpp; sourceTree = "<group>"; };
		2E69F3842CBD83FB00625669 /* lecture_oct_14.cpp */ = {isa = PBXFileReference; lastKnownFileType = sourcecode.cpp.cpp; path = lecture_oct_14.cpp; sourceTree = "<group>"; };
		2E69F38D2CBEF56500625669 /* main.cpp */ = {isa = PBXFileReference; lastKnownFileType = sourcecode.cpp.cpp; path = main.cpp; sourceTree = "<group>"; };
		2E69F38F2CBEF59C00625669 /* input.cpp */ = {isa = PBXFileReference; lastKnownFileType = sourcecode.cpp.cpp; path = input.cpp; sourceTree = "<group>"; };
		2E69F3912CBEF5BA00625669 /* sum.cpp */ = {isa = PBXFileReference; lastKnownFileType = sourcecode.cpp.cpp; path = sum.cpp; sourceTree = "<group>"; };
		2E69F3942CBEF5E100625669 /* sum_input_functions.hpp */ = {isa = PBXFileReference; lastKnownFileType = sourcecode.cpp.h; path = sum_input_functions.hpp; sourceTree = "<group>"; };
		2E69F39E2CBF913300625669 /* main.cpp */ = {isa = PBXFileReference; lastKnownFileType = sourcecode.cpp.cpp; path = main.cpp; sourceTree = "<group>"; };
		2E69F3A02CBF923C00625669 /* array_functions.cpp */ = {isa = PBXFileReference; lastKnownFileType = sourcecode.cpp.cpp; path = array_functions.cpp; sourceTree = "<group>"; };
		2E69F3A12CBF923C00625669 /* array_functions.hpp */ = {isa = PBXFileReference; lastKnownFileType = sourcecode.cpp.h; path = array_functions.hpp; sourceTree = "<group>"; };
		2E69F3A32CC6203600625669 /* class_activity_22.cpp */ = {isa = PBXFileReference; lastKnownFileType = sourcecode.cpp.cpp; path = class_activity_22.cpp; sourceTree = "<group>"; };
/* End PBXFileReference section */

/* Begin PBXFrameworksBuildPhase section */
		2E69F3062CB8649300625669 /* Frameworks */ = {
			isa = PBXFrameworksBuildPhase;
			buildActionMask = 2147483647;
			files = (
			);
			runOnlyForDeploymentPostprocessing = 0;
		};
/* End PBXFrameworksBuildPhase section */

/* Begin PBXGroup section */
		2E69F3002CB8649300625669 = {
			isa = PBXGroup;
			children = (
				2E69F3692CB8712700625669 /* homework_1 */,
				2E69F34A2CB86C2900625669 /* Project 1 */,
				2E69F3272CB869FE00625669 /* class_activities */,
				2E69F3132CB8668900625669 /* work_place */,
				2E69F30A2CB8649300625669 /* Products */,
			);
			sourceTree = "<group>";
		};
		2E69F30A2CB8649300625669 /* Products */ = {
			isa = PBXGroup;
			children = (
				2E69F3092CB8649300625669 /* CIS25 */,
			);
			name = Products;
			sourceTree = "<group>";
		};
		2E69F3132CB8668900625669 /* work_place */ = {
			isa = PBXGroup;
			children = (
				2E69F3142CB866B300625669 /* lecture_sept_8.cpp */,
				2E69F31A2CB8675E00625669 /* lecture_sept_11.cpp */,
				2E69F31C2CB867BA00625669 /* lecture_sept_15.cpp */,
				2E69F31E2CB867DE00625669 /* lecture_sept_16.cpp */,
				2E69F3202CB867F500625669 /* lecture_sept_18.cpp */,
				2E69F3222CB8680C00625669 /* lecture_sept_23.cpp */,
				2E69F3242CB8682600625669 /* lecture_sept_25.cpp */,
				2E69F3162CB866FC00625669 /* lecture_oct_2.cpp */,
				2E69F3182CB8672200625669 /* lecture_oct_7.cpp */,
				2E69F3842CBD83FB00625669 /* lecture_oct_14.cpp */,
			);
			path = work_place;
			sourceTree = "<group>";
		};
		2E69F3272CB869FE00625669 /* class_activities */ = {
			isa = PBXGroup;
			children = (
				2E69F39D2CBF911C00625669 /* class_activity_21 */,
				2E69F38C2CBEF54700625669 /* class_activity_20 */,
				2E69F3282CB86A1200625669 /* class_activity_1.cpp */,
				2E69F32B2CB86A2E00625669 /* class_activity_2.cpp */,
				2E69F32D2CB86A6F00625669 /* class_activity_3.cpp */,
				2E69F32F2CB86A7900625669 /* class_activity_4.cpp */,
				2E69F3312CB86A8200625669 /* class_activity_5.cpp */,
				2E69F3332CB86ACE00625669 /* class_activity_6.cpp */,
				2E69F3362CB86AE600625669 /* class_activity_7.cpp */,
				2E69F3382CB86AF000625669 /* class_activity_8.cpp */,
				2E69F33A2CB86AF700625669 /* class_activity_9.cpp */,
				2E69F33D2CB86B0800625669 /* class_activity_10.cpp */,
				2E69F3402CB86B1700625669 /* class_activity_11.cpp */,
				2E69F3422CB86B1E00625669 /* class_activity_12.cpp */,
				2E69F3442CB86BBB00625669 /* class_activity_13.cpp */,
				2E69F3462CB86BC500625669 /* class_activity_14.cpp */,
				2E69F3482CB86BCE00625669 /* class_activity_15.cpp */,
				2E69F34D2CB86C9500625669 /* class_activity_16 */,
				2E69F36C2CB8723600625669 /* class_activity_17 */,
				2E69F3722CB8738200625669 /* class_activity_18 */,
				2E69F37D2CB8784000625669 /* class_activity_19 */,
				2E69F3A32CC6203600625669 /* class_activity_22.cpp */,
			);
			path = class_activities;
			sourceTree = "<group>";
		};
		2E69F34A2CB86C2900625669 /* Project 1 */ = {
			isa = PBXGroup;
			children = (
				2E69F34B2CB86C6800625669 /* theater.cpp */,
			);
			path = "Project 1";
			sourceTree = "<group>";
		};
		2E69F34D2CB86C9500625669 /* class_activity_16 */ = {
			isa = PBXGroup;
			children = (
				2E69F34E2CB86CA800625669 /* main.cpp */,
				2E69F3502CB86CCA00625669 /* average_functions.cpp */,
				2E69F3522CB86CD900625669 /* compare_functions.cpp */,
				2E69F3542CB86CF000625669 /* highest_lowest_functions.cpp */,
				2E69F3562CB86D0200625669 /* print_functions.cpp */,
				2E69F3582CB86D1D00625669 /* sort_functions.cpp */,
				2E69F3602CB86DA200625669 /* grades_analysis.hpp */,
			);
			path = class_activity_16;
			sourceTree = "<group>";
		};
		2E69F3692CB8712700625669 /* homework_1 */ = {
			isa = PBXGroup;
			children = (
				2E69F36A2CB8713900625669 /* hw_1.cpp */,
			);
			path = homework_1;
			sourceTree = "<group>";
		};
		2E69F36C2CB8723600625669 /* class_activity_17 */ = {
			isa = PBXGroup;
			children = (
				2E69F36D2CB8725A00625669 /* main.cpp */,
				2E69F36F2CB8726700625669 /* search_functions.cpp */,
				2E69F3702CB8726700625669 /* search_functions.hpp */,
			);
			path = class_activity_17;
			sourceTree = "<group>";
		};
		2E69F3722CB8738200625669 /* class_activity_18 */ = {
			isa = PBXGroup;
			children = (
				2E69F3732CB8739500625669 /* main.cpp */,
				2E69F3762CB875FD00625669 /* swap_functions.cpp */,
				2E69F3782CB8761D00625669 /* sort_functions.cpp */,
				2E69F37B2CB8765200625669 /* swap_numbers.hpp */,
			);
			path = class_activity_18;
			sourceTree = "<group>";
		};
		2E69F37D2CB8784000625669 /* class_activity_19 */ = {
			isa = PBXGroup;
			children = (
				2E69F37E2CB8785300625669 /* main.cpp */,
				2E69F3812CB879B900625669 /* swap_functions.cpp */,
				2E69F3822CB879B900625669 /* swap_functions.hpp */,
			);
			path = class_activity_19;
			sourceTree = "<group>";
		};
		2E69F38C2CBEF54700625669 /* class_activity_20 */ = {
			isa = PBXGroup;
			children = (
				2E69F38D2CBEF56500625669 /* main.cpp */,
				2E69F38F2CBEF59C00625669 /* input.cpp */,
				2E69F3912CBEF5BA00625669 /* sum.cpp */,
				2E69F3942CBEF5E100625669 /* sum_input_functions.hpp */,
			);
			path = class_activity_20;
			sourceTree = "<group>";
		};
		2E69F39D2CBF911C00625669 /* class_activity_21 */ = {
			isa = PBXGroup;
			children = (
				2E69F39E2CBF913300625669 /* main.cpp */,
				2E69F3A02CBF923C00625669 /* array_functions.cpp */,
				2E69F3A12CBF923C00625669 /* array_functions.hpp */,
			);
			path = class_activity_21;
			sourceTree = "<group>";
		};
/* End PBXGroup section */

/* Begin PBXNativeTarget section */
		2E69F3082CB8649300625669 /* CIS25 */ = {
			isa = PBXNativeTarget;
			buildConfigurationList = 2E69F3102CB8649300625669 /* Build configuration list for PBXNativeTarget "CIS25" */;
			buildPhases = (
				2E69F3052CB8649300625669 /* Sources */,
				2E69F3062CB8649300625669 /* Frameworks */,
				2E69F3072CB8649300625669 /* CopyFiles */,
			);
			buildRules = (
			);
			dependencies = (
			);
			name = CIS25;
			productName = CIS25;
			productReference = 2E69F3092CB8649300625669 /* CIS25 */;
			productType = "com.apple.product-type.tool";
		};
/* End PBXNativeTarget section */

/* Begin PBXProject section */
		2E69F3012CB8649300625669 /* Project object */ = {
			isa = PBXProject;
			attributes = {
				BuildIndependentTargetsInParallel = 1;
				LastUpgradeCheck = 1540;
				TargetAttributes = {
					2E69F3082CB8649300625669 = {
						CreatedOnToolsVersion = 15.4;
					};
				};
			};
			buildConfigurationList = 2E69F3042CB8649300625669 /* Build configuration list for PBXProject "CIS25" */;
			compatibilityVersion = "Xcode 14.0";
			developmentRegion = en;
			hasScannedForEncodings = 0;
			knownRegions = (
				en,
				Base,
			);
			mainGroup = 2E69F3002CB8649300625669;
			productRefGroup = 2E69F30A2CB8649300625669 /* Products */;
			projectDirPath = "";
			projectRoot = "";
			targets = (
				2E69F3082CB8649300625669 /* CIS25 */,
			);
		};
/* End PBXProject section */

/* Begin PBXSourcesBuildPhase section */
		2E69F3052CB8649300625669 /* Sources */ = {
			isa = PBXSourcesBuildPhase;
			buildActionMask = 2147483647;
			files = (
				2E69F3A42CC6203600625669 /* class_activity_22.cpp in Sources */,
			);
			runOnlyForDeploymentPostprocessing = 0;
		};
/* End PBXSourcesBuildPhase section */

/* Begin XCBuildConfiguration section */
		2E69F30E2CB8649300625669 /* Debug */ = {
			isa = XCBuildConfiguration;
			buildSettings = {
				ALWAYS_SEARCH_USER_PATHS = NO;
				ASSETCATALOG_COMPILER_GENERATE_SWIFT_ASSET_SYMBOL_EXTENSIONS = YES;
				CLANG_ANALYZER_NONNULL = YES;
				CLANG_ANALYZER_NUMBER_OBJECT_CONVERSION = YES_AGGRESSIVE;
				CLANG_CXX_LANGUAGE_STANDARD = "gnu++20";
				CLANG_ENABLE_MODULES = YES;
				CLANG_ENABLE_OBJC_ARC = YES;
				CLANG_ENABLE_OBJC_WEAK = YES;
				CLANG_WARN_BLOCK_CAPTURE_AUTORELEASING = YES;
				CLANG_WARN_BOOL_CONVERSION = YES;
				CLANG_WARN_COMMA = YES;
				CLANG_WARN_CONSTANT_CONVERSION = YES;
				CLANG_WARN_DEPRECATED_OBJC_IMPLEMENTATIONS = YES;
				CLANG_WARN_DIRECT_OBJC_ISA_USAGE = YES_ERROR;
				CLANG_WARN_DOCUMENTATION_COMMENTS = YES;
				CLANG_WARN_EMPTY_BODY = YES;
				CLANG_WARN_ENUM_CONVERSION = YES;
				CLANG_WARN_INFINITE_RECURSION = YES;
				CLANG_WARN_INT_CONVERSION = YES;
				CLANG_WARN_NON_LITERAL_NULL_CONVERSION = YES;
				CLANG_WARN_OBJC_IMPLICIT_RETAIN_SELF = YES;
				CLANG_WARN_OBJC_LITERAL_CONVERSION = YES;
				CLANG_WARN_OBJC_ROOT_CLASS = YES_ERROR;
				CLANG_WARN_QUOTED_INCLUDE_IN_FRAMEWORK_HEADER = YES;
				CLANG_WARN_RANGE_LOOP_ANALYSIS = YES;
				CLANG_WARN_STRICT_PROTOTYPES = YES;
				CLANG_WARN_SUSPICIOUS_MOVE = YES;
				CLANG_WARN_UNGUARDED_AVAILABILITY = YES_AGGRESSIVE;
				CLANG_WARN_UNREACHABLE_CODE = YES;
				CLANG_WARN__DUPLICATE_METHOD_MATCH = YES;
				COPY_PHASE_STRIP = NO;
				DEBUG_INFORMATION_FORMAT = dwarf;
				ENABLE_STRICT_OBJC_MSGSEND = YES;
				ENABLE_TESTABILITY = YES;
				ENABLE_USER_SCRIPT_SANDBOXING = YES;
				GCC_C_LANGUAGE_STANDARD = gnu17;
				GCC_DYNAMIC_NO_PIC = NO;
				GCC_NO_COMMON_BLOCKS = YES;
				GCC_OPTIMIZATION_LEVEL = 0;
				GCC_PREPROCESSOR_DEFINITIONS = (
					"DEBUG=1",
					"$(inherited)",
				);
				GCC_WARN_64_TO_32_BIT_CONVERSION = YES;
				GCC_WARN_ABOUT_RETURN_TYPE = YES_ERROR;
				GCC_WARN_UNDECLARED_SELECTOR = YES;
				GCC_WARN_UNINITIALIZED_AUTOS = YES_AGGRESSIVE;
				GCC_WARN_UNUSED_FUNCTION = YES;
				GCC_WARN_UNUSED_VARIABLE = YES;
				LOCALIZATION_PREFERS_STRING_CATALOGS = YES;
				MACOSX_DEPLOYMENT_TARGET = 14.5;
				MTL_ENABLE_DEBUG_INFO = INCLUDE_SOURCE;
				MTL_FAST_MATH = YES;
				ONLY_ACTIVE_ARCH = YES;
				SDKROOT = macosx;
			};
			name = Debug;
		};
		2E69F30F2CB8649300625669 /* Release */ = {
			isa = XCBuildConfiguration;
			buildSettings = {
				ALWAYS_SEARCH_USER_PATHS = NO;
				ASSETCATALOG_COMPILER_GENERATE_SWIFT_ASSET_SYMBOL_EXTENSIONS = YES;
				CLANG_ANALYZER_NONNULL = YES;
				CLANG_ANALYZER_NUMBER_OBJECT_CONVERSION = YES_AGGRESSIVE;
				CLANG_CXX_LANGUAGE_STANDARD = "gnu++20";
				CLANG_ENABLE_MODULES = YES;
				CLANG_ENABLE_OBJC_ARC = YES;
				CLANG_ENABLE_OBJC_WEAK = YES;
				CLANG_WARN_BLOCK_CAPTURE_AUTORELEASING = YES;
				CLANG_WARN_BOOL_CONVERSION = YES;
				CLANG_WARN_COMMA = YES;
				CLANG_WARN_CONSTANT_CONVERSION = YES;
				CLANG_WARN_DEPRECATED_OBJC_IMPLEMENTATIONS = YES;
				CLANG_WARN_DIRECT_OBJC_ISA_USAGE = YES_ERROR;
				CLANG_WARN_DOCUMENTATION_COMMENTS = YES;
				CLANG_WARN_EMPTY_BODY = YES;
				CLANG_WARN_ENUM_CONVERSION = YES;
				CLANG_WARN_INFINITE_RECURSION = YES;
				CLANG_WARN_INT_CONVERSION = YES;
				CLANG_WARN_NON_LITERAL_NULL_CONVERSION = YES;
				CLANG_WARN_OBJC_IMPLICIT_RETAIN_SELF = YES;
				CLANG_WARN_OBJC_LITERAL_CONVERSION = YES;
				CLANG_WARN_OBJC_ROOT_CLASS = YES_ERROR;
				CLANG_WARN_QUOTED_INCLUDE_IN_FRAMEWORK_HEADER = YES;
				CLANG_WARN_RANGE_LOOP_ANALYSIS = YES;
				CLANG_WARN_STRICT_PROTOTYPES = YES;
				CLANG_WARN_SUSPICIOUS_MOVE = YES;
				CLANG_WARN_UNGUARDED_AVAILABILITY = YES_AGGRESSIVE;
				CLANG_WARN_UNREACHABLE_CODE = YES;
				CLANG_WARN__DUPLICATE_METHOD_MATCH = YES;
				COPY_PHASE_STRIP = NO;
				DEBUG_INFORMATION_FORMAT = "dwarf-with-dsym";
				ENABLE_NS_ASSERTIONS = NO;
				ENABLE_STRICT_OBJC_MSGSEND = YES;
				ENABLE_USER_SCRIPT_SANDBOXING = YES;
				GCC_C_LANGUAGE_STANDARD = gnu17;
				GCC_NO_COMMON_BLOCKS = YES;
				GCC_WARN_64_TO_32_BIT_CONVERSION = YES;
				GCC_WARN_ABOUT_RETURN_TYPE = YES_ERROR;
				GCC_WARN_UNDECLARED_SELECTOR = YES;
				GCC_WARN_UNINITIALIZED_AUTOS = YES_AGGRESSIVE;
				GCC_WARN_UNUSED_FUNCTION = YES;
				GCC_WARN_UNUSED_VARIABLE = YES;
				LOCALIZATION_PREFERS_STRING_CATALOGS = YES;
				MACOSX_DEPLOYMENT_TARGET = 14.5;
				MTL_ENABLE_DEBUG_INFO = NO;
				MTL_FAST_MATH = YES;
				SDKROOT = macosx;
			};
			name = Release;
		};
		2E69F3112CB8649300625669 /* Debug */ = {
			isa = XCBuildConfiguration;
			buildSettings = {
				CODE_SIGN_STYLE = Automatic;
				DEVELOPMENT_ASSET_PATHS = "";
				DEVELOPMENT_TEAM = KDG5DW5JZW;
				PRODUCT_NAME = "$(TARGET_NAME)";
			};
			name = Debug;
		};
		2E69F3122CB8649300625669 /* Release */ = {
			isa = XCBuildConfiguration;
			buildSettings = {
				CODE_SIGN_STYLE = Automatic;
				DEVELOPMENT_ASSET_PATHS = "";
				DEVELOPMENT_TEAM = KDG5DW5JZW;
				PRODUCT_NAME = "$(TARGET_NAME)";
			};
			name = Release;
		};
/* End XCBuildConfiguration section */

/* Begin XCConfigurationList section */
		2E69F3042CB8649300625669 /* Build configuration list for PBXProject "CIS25" */ = {
			isa = XCConfigurationList;
			buildConfigurations = (
				2E69F30E2CB8649300625669 /* Debug */,
				2E69F30F2CB8649300625669 /* Release */,
			);
			defaultConfigurationIsVisible = 0;
			defaultConfigurationName = Release;
		};
		2E69F3102CB8649300625669 /* Build configuration list for PBXNativeTarget "CIS25" */ = {
			isa = XCConfigurationList;
			buildConfigurations = (
				2E69F3112CB8649300625669 /* Debug */,
				2E69F3122CB8649300625669 /* Release */,
			);
			defaultConfigurationIsVisible = 0;
			defaultConfigurationName = Release;
		};
/* End XCConfigurationList section */
	};
	rootObject = 2E69F3012CB8649300625669 /* Project object */;
}
